preprocess:
  cmd: python -m spacy run preprocess
  script:
    - python scripts/preprocess.py assets/docs_issues_training.jsonl corpus/docs_issues_training.spacy
    - python scripts/preprocess.py assets/docs_issues_eval.jsonl corpus/docs_issues_eval.spacy
  deps:
    - path: assets/docs_issues_training.jsonl
      md5: ebd254a77132b9018fdd581e95aef549
    - path: assets/docs_issues_eval.jsonl
      md5: ab56fc1828403bffaf163f3c540e473f
    - path: scripts/preprocess.py
      md5: cbdd75bac616048807f60b690c157f1e
  outs:
    - path: corpus/docs_issues_training.spacy
      md5: d3ba351011e86195b725ec9cf89477d1
    - path: corpus/docs_issues_eval.spacy
      md5: 1af610ecf8a762fab69fe6ea8e037bfb
